{
  "name": "threejs-typescript",
  "version": "1.0.0",
  "lockfileVersion": 3,
  "requires": true,
  "packages": {
    "": {
      "name": "threejs-typescript",
      "version": "1.0.0",
      "license": "ISC",
      "devDependencies": {
        "three": "^0.151.2"
      }
    },
    "node_modules/three": {
      "version": "0.151.2",
      "resolved": "https://registry.npmjs.org/three/-/three-0.151.2.tgz",
      "integrity": "sha512-tGaLRP2H6++tj2JumHD25slhFAx0C619rl6G6Utjq7JTrDGJwDxpu+J2XpnYIUMfEmhNvIFDQJfp79JtKmNBWw==",
      "dev": true
    }
  }
}
